
Microsoft Visual Studio Solution File, Format Version 12.00
# Visual Studio Version 16
VisualStudioVersion = 16.0.30204.135
MinimumVisualStudioVersion = 10.0.40219.1
Project("{FAE04EC0-301F-11D3-BF4B-00C04F79EFBC}") = "TestWebApi", "TestWebApi.csproj", "{DF64B304-35E5-4E59-8340-7F77AC2903AA}"
EndProject
Global
	GlobalSection(SolutionConfigurationPlatforms) = preSolution
		Debug|Any CPU = Debug|Any CPU
		Release|Any CPU = Release|Any CPU
	EndGlobalSection
	GlobalSection(ProjectConfigurationPlatforms) = postSolution
		{DF64B304-35E5-4E59-8340-7F77AC2903AA}.Debug|Any CPU.ActiveCfg = Debug|Any CPU
		{DF64B304-35E5-4E59-8340-7F77AC2903AA}.Debug|Any CPU.Build.0 = Debug|Any CPU
		{DF64B304-35E5-4E59-8340-7F77AC2903AA}.Release|Any CPU.ActiveCfg = Release|Any CPU
		{DF64B304-35E5-4E59-8340-7F77AC2903AA}.Release|Any CPU.Build.0 = Release|Any CPU
	EndGlobalSection
	GlobalSection(SolutionProperties) = preSolution
		HideSolutionNode = FALSE
	EndGlobalSection
	GlobalSection(ExtensibilityGlobals) = postSolution
		SolutionGuid = {6B1D7F06-F580-48D2-9758-30EF5A107478}
	EndGlobalSection
EndGlobal
